<?xml version="1.0" encoding="utf-8"?>
<Project ToolsVersion="4.0" xmlns="http://schemas.microsoft.com/developer/msbuild/2003">
  <ItemGroup>
    <Filter Include="Source Files">
      <UniqueIdentifier>{4FC737F1-C7A5-4376-A066-2A32D752A2FF}</UniqueIdentifier>
      <Extensions>cpp;c;cc;cxx;c++;cppm;ixx;def;odl;idl;hpj;bat;asm;asmx</Extensions>
    </Filter>
    <Filter Include="Header Files">
      <UniqueIdentifier>{93995380-89BD-4b04-88EB-625FBE52EBFB}</UniqueIdentifier>
      <Extensions>h;hh;hpp;hxx;h++;hm;inl;inc;ipp;xsd</Extensions>
    </Filter>
    <Filter Include="Resource Files">
      <UniqueIdentifier>{67DA6AB6-F800-4c08-8B7A-83BB121AAD01}</UniqueIdentifier>
      <Extensions>rc;ico;cur;bmp;dlg;rc2;rct;bin;rgs;gif;jpg;jpeg;jpe;resx;tiff;tif;png;wav;mfcribbon-ms</Extensions>
    </Filter>
    <Filter Include="Header Files\Core">
      <UniqueIdentifier>{a1b2c3d4-e5f6-7890-1234-567890abcdef}</UniqueIdentifier>
    </Filter>
    <Filter Include="Header Files\Lib">
      <UniqueIdentifier>{b2c3d4e5-f6a7-8901-2345-67890abcdef1}</UniqueIdentifier>
    </Filter>
    <Filter Include="Header Files\Screens">
      <UniqueIdentifier>{c3d4e5f6-a7b8-9012-3456-7890abcdef12}</UniqueIdentifier>
    </Filter>
    <Filter Include="Header Files\Screens\Client">
      <UniqueIdentifier>{d4e5f6a7-b8c9-0123-4567-890abcdef123}</UniqueIdentifier>
    </Filter>
    <Filter Include="Header Files\Screens\User">
      <UniqueIdentifier>{e5f6a7b8-c9d0-1234-5678-90abcdef1234}</UniqueIdentifier>
    </Filter>
    <Filter Include="Header Files\Screens\Transaction">
      <UniqueIdentifier>{f6a7b8c9-d0e1-2345-6789-0abcdef12345}</UniqueIdentifier>
    </Filter>
    <Filter Include="Header Files\Screens\Currency">
      <UniqueIdentifier>{a7b8c9d0-e1f2-3456-7890-abcdef123456}</UniqueIdentifier>
    </Filter>
    <Filter Include="Header Files\Screens\Login">
      <UniqueIdentifier>{b8c9d0e1-f2a3-4567-8901-bcdef1234567}</UniqueIdentifier>
    </Filter>
  </ItemGroup>
  <ItemGroup>
    <ClCompile Include="Source.cpp">
      <Filter>Source Files</Filter>
    </ClCompile>
  </ItemGroup>
  <ItemGroup>
    <ClInclude Include="Screens\User\clsAddNewUserScreen.h">
      <Filter>Header Files\Screens\User</Filter>
    </ClInclude>
    <ClInclude Include="Core\clsBankClient.h">
      <Filter>Header Files\Core</Filter>
    </ClInclude>
    <ClInclude Include="Screens\Client\clsClientsListScreen.h">
      <Filter>Header Files\Screens\Client</Filter>
    </ClInclude>
    <ClInclude Include="Core\clsCurrency.h">
      <Filter>Header Files\Core</Filter>
    </ClInclude>
    <ClInclude Include="Screens\Currency\clsCurrencyCalculatorScreen.h">
      <Filter>Header Files\Screens\Currency</Filter>
    </ClInclude>
    <ClInclude Include="Screens\Currency\clsCurrencyExchangeScreen.h">
      <Filter>Header Files\Screens\Currency</Filter>
    </ClInclude>
    <ClInclude Include="Lib\clsDate.h">
      <Filter>Header Files\Lib</Filter>
    </ClInclude>
    <ClInclude Include="Screens\Client\clsDeleteClientScreen.h">
      <Filter>Header Files\Screens\Client</Filter>
    </ClInclude>
    <ClInclude Include="Screens\User\clsDeleteUserScreen.h">
      <Filter>Header Files\Screens\User</Filter>
    </ClInclude>
    <ClInclude Include="Screens\Transaction\clsDepositScreen.h">
      <Filter>Header Files\Screens\Transaction</Filter>
    </ClInclude>
    <ClInclude Include="Screens\Client\clsFindClientScreen.h">
      <Filter>Header Files\Screens\Client</Filter>
    </ClInclude>
    <ClInclude Include="Screens\Currency\clsFindCurrencyScreen.h">
      <Filter>Header Files\Screens\Currency</Filter>
    </ClInclude>
    <ClInclude Include="Screens\User\clsFindUserScreen.h">
      <Filter>Header Files\Screens\User</Filter>
    </ClInclude>
    <ClInclude Include="Lib\clsInputValidate.h">
      <Filter>Header Files\Lib</Filter>
    </ClInclude>
    <ClInclude Include="Screens\Currency\clsCurrienciesListScreen.h">
      <Filter>Header Files\Screens\Currency</Filter>
    </ClInclude>
    <ClInclude Include="Screens\Currency\clsUpdateRateScreen.h">
      <Filter>Header Files\Screens\Currency</Filter>
    </ClInclude>
    <ClInclude Include="Lib\InterfaceCommunication.h">
      <Filter>Header Files\Lib</Filter>
    </ClInclude>
    <ClInclude Include="Screens\User\clsListUsersScreen.h">
      <Filter>Header Files\Screens\User</Filter>
    </ClInclude>
    <ClInclude Include="Screens\Login\clsLoginRegisterScreen.h">
      <Filter>Header Files\Screens\Login</Filter>
    </ClInclude>
    <ClInclude Include="Screens\Login\clsLoginScreen.h">
      <Filter>Header Files\Screens\Login</Filter>
    </ClInclude>
    <ClInclude Include="Screens\clsMainScreen.h">
      <Filter>Header Files\Screens</Filter>
    </ClInclude>
    <ClInclude Include="Screens\User\clsManageUsersScreen.h">
      <Filter>Header Files\Screens\User</Filter>
    </ClInclude>
    <ClInclude Include="Lib\clsPeriod.h">
      <Filter>Header Files\Lib</Filter>
    </ClInclude>
    <ClInclude Include="Core\clsPerson.h">
      <Filter>Header Files\Core</Filter>
    </ClInclude>
    <ClInclude Include="Screens\clsScreen.h">
      <Filter>Header Files\Screens</Filter>
    </ClInclude>
    <ClInclude Include="Screens\Client\clsAddNewClientScreen.h">
      <Filter>Header Files\Screens\Client</Filter>
    </ClInclude>
    <ClInclude Include="Lib\clsString.h">
      <Filter>Header Files\Lib</Filter>
    </ClInclude>
    <ClInclude Include="Screens\Transaction\clsTotalBalances.h">
      <Filter>Header Files\Screens\Transaction</Filter>
    </ClInclude>
    <ClInclude Include="Screens\Transaction\clsTransactionsScreen.h">
      <Filter>Header Files\Screens\Transaction</Filter>
    </ClInclude>
    <ClInclude Include="Screens\Transaction\clsTransferLogScreen.h">
      <Filter>Header Files\Screens\Transaction</Filter>
    </ClInclude>
    <ClInclude Include="Screens\Transaction\clsTransferScreen.h">
      <Filter>Header Files\Screens\Transaction</Filter>
    </ClInclude>
    <ClInclude Include="Screens\Client\clsUpdateClientScreen.h">
      <Filter>Header Files\Screens\Client</Filter>
    </ClInclude>
    <ClInclude Include="Screens\User\clsUpdateUserScreen.h">
      <Filter>Header Files\Screens\User</Filter>
    </ClInclude>
    <ClInclude Include="Core\clsUser.h">
      <Filter>Header Files\Core</Filter>
    </ClInclude>
    <ClInclude Include="Lib\clsUtility.h">
      <Filter>Header Files\Lib</Filter>
    </ClInclude>
    <ClInclude Include="Screens\Transaction\clsWithdrawScreen.h">
      <Filter>Header Files\Screens\Transaction</Filter>
    </ClInclude>
    <ClInclude Include="Lib\Global.h">
      <Filter>Header Files\Lib</Filter>
    </ClInclude>
  </ItemGroup>
</Project>